
Microsoft Visual Studio Solution File, Format Version 12.00
# Visual Studio Version 16
VisualStudioVersion = 16.0.31911.196
MinimumVisualStudioVersion = 10.0.40219.1
Project("{9A19103F-16F7-4668-BE54-9A1E7A4F7556}") = "ClusterAnalysis", "ClusterAnalysis\ClusterAnalysis.csproj", "{EF91EE94-A143-4F7B-A737-1FB5B3CDFBC6}"
EndProject
Project("{FAE04EC0-301F-11D3-BF4B-00C04F79EFBC}") = "TextFileUI", "TextFileUI\TextFileUI.csproj", "{B5F1B926-EC52-4586-9824-665550C0C525}"
EndProject
Project("{FAE04EC0-301F-11D3-BF4B-00C04F79EFBC}") = "DataAccessLibrary", "DataAccessLibrary\DataAccessLibrary.csproj", "{D0D5A42F-DD5B-4F4C-B965-8D9E5A8FBD6C}"
EndProject
Project("{FAE04EC0-301F-11D3-BF4B-00C04F79EFBC}") = "SqliteUI", "SqliteUI\SqliteUI.csproj", "{F391D2AF-D397-4308-8FA4-593692D9A164}"
EndProject
Global
	GlobalSection(SolutionConfigurationPlatforms) = preSolution
		Debug|Any CPU = Debug|Any CPU
		Release|Any CPU = Release|Any CPU
	EndGlobalSection
	GlobalSection(ProjectConfigurationPlatforms) = postSolution
		{EF91EE94-A143-4F7B-A737-1FB5B3CDFBC6}.Debug|Any CPU.ActiveCfg = Debug|Any CPU
		{EF91EE94-A143-4F7B-A737-1FB5B3CDFBC6}.Debug|Any CPU.Build.0 = Debug|Any CPU
		{EF91EE94-A143-4F7B-A737-1FB5B3CDFBC6}.Release|Any CPU.ActiveCfg = Release|Any CPU
		{EF91EE94-A143-4F7B-A737-1FB5B3CDFBC6}.Release|Any CPU.Build.0 = Release|Any CPU
		{B5F1B926-EC52-4586-9824-665550C0C525}.Debug|Any CPU.ActiveCfg = Debug|Any CPU
		{B5F1B926-EC52-4586-9824-665550C0C525}.Debug|Any CPU.Build.0 = Debug|Any CPU
		{B5F1B926-EC52-4586-9824-665550C0C525}.Release|Any CPU.ActiveCfg = Release|Any CPU
		{B5F1B926-EC52-4586-9824-665550C0C525}.Release|Any CPU.Build.0 = Release|Any CPU
		{D0D5A42F-DD5B-4F4C-B965-8D9E5A8FBD6C}.Debug|Any CPU.ActiveCfg = Debug|Any CPU
		{D0D5A42F-DD5B-4F4C-B965-8D9E5A8FBD6C}.Debug|Any CPU.Build.0 = Debug|Any CPU
		{D0D5A42F-DD5B-4F4C-B965-8D9E5A8FBD6C}.Release|Any CPU.ActiveCfg = Release|Any CPU
		{D0D5A42F-DD5B-4F4C-B965-8D9E5A8FBD6C}.Release|Any CPU.Build.0 = Release|Any CPU
		{F391D2AF-D397-4308-8FA4-593692D9A164}.Debug|Any CPU.ActiveCfg = Debug|Any CPU
		{F391D2AF-D397-4308-8FA4-593692D9A164}.Debug|Any CPU.Build.0 = Debug|Any CPU
		{F391D2AF-D397-4308-8FA4-593692D9A164}.Release|Any CPU.ActiveCfg = Release|Any CPU
		{F391D2AF-D397-4308-8FA4-593692D9A164}.Release|Any CPU.Build.0 = Release|Any CPU
	EndGlobalSection
	GlobalSection(SolutionProperties) = preSolution
		HideSolutionNode = FALSE
	EndGlobalSection
	GlobalSection(ExtensibilityGlobals) = postSolution
		SolutionGuid = {4F268189-B878-4734-8D9E-0E4C5B79B5D0}
	EndGlobalSection
EndGlobal
